
Microsoft Visual Studio Solution File, Format Version 12.00
# Visual Studio Version 16
VisualStudioVersion = 16.0.31005.135
MinimumVisualStudioVersion = 10.0.40219.1
Project("{FAE04EC0-301F-11D3-BF4B-00C04F79EFBC}") = "11강__Struct,Class", "11강__Struct,Class\11강__Struct,Class.csproj", "{2FEBC5BE-750D-49E1-B076-0E94B7F871AF}"
EndProject
Global
	GlobalSection(SolutionConfigurationPlatforms) = preSolution
		Debug|Any CPU = Debug|Any CPU
		Release|Any CPU = Release|Any CPU
	EndGlobalSection
	GlobalSection(ProjectConfigurationPlatforms) = postSolution
		{2FEBC5BE-750D-49E1-B076-0E94B7F871AF}.Debug|Any CPU.ActiveCfg = Debug|Any CPU
		{2FEBC5BE-750D-49E1-B076-0E94B7F871AF}.Debug|Any CPU.Build.0 = Debug|Any CPU
		{2FEBC5BE-750D-49E1-B076-0E94B7F871AF}.Release|Any CPU.ActiveCfg = Release|Any CPU
		{2FEBC5BE-750D-49E1-B076-0E94B7F871AF}.Release|Any CPU.Build.0 = Release|Any CPU
	EndGlobalSection
	GlobalSection(SolutionProperties) = preSolution
		HideSolutionNode = FALSE
	EndGlobalSection
	GlobalSection(ExtensibilityGlobals) = postSolution
		SolutionGuid = {EB936EA4-EDAB-48F4-9BAD-14BD714AFC7B}
	EndGlobalSection
EndGlobal
