
Microsoft Visual Studio Solution File, Format Version 12.00
# Visual Studio Version 16
VisualStudioVersion = 16.0.31005.135
MinimumVisualStudioVersion = 10.0.40219.1
Project("{FAE04EC0-301F-11D3-BF4B-00C04F79EFBC}") = "10강_while,doWhile", "10강_while,doWhile\10강_while,doWhile.csproj", "{EEC24E3B-B341-4756-8527-09948167C852}"
EndProject
Global
	GlobalSection(SolutionConfigurationPlatforms) = preSolution
		Debug|Any CPU = Debug|Any CPU
		Release|Any CPU = Release|Any CPU
	EndGlobalSection
	GlobalSection(ProjectConfigurationPlatforms) = postSolution
		{EEC24E3B-B341-4756-8527-09948167C852}.Debug|Any CPU.ActiveCfg = Debug|Any CPU
		{EEC24E3B-B341-4756-8527-09948167C852}.Debug|Any CPU.Build.0 = Debug|Any CPU
		{EEC24E3B-B341-4756-8527-09948167C852}.Release|Any CPU.ActiveCfg = Release|Any CPU
		{EEC24E3B-B341-4756-8527-09948167C852}.Release|Any CPU.Build.0 = Release|Any CPU
	EndGlobalSection
	GlobalSection(SolutionProperties) = preSolution
		HideSolutionNode = FALSE
	EndGlobalSection
	GlobalSection(ExtensibilityGlobals) = postSolution
		SolutionGuid = {12557BA2-9E88-4FF2-90F9-D498D1565C48}
	EndGlobalSection
EndGlobal
